
Microsoft Visual Studio Solution File, Format Version 12.00
# Visual Studio Version 16
VisualStudioVersion = 16.0.30011.22
MinimumVisualStudioVersion = 10.0.40219.1
Project("{FAE04EC0-301F-11D3-BF4B-00C04F79EFBC}") = "Vidly", "Vidly\Vidly.csproj", "{AEE2B2E6-3E43-430C-971A-2BE69E522236}"
EndProject
Global
	GlobalSection(SolutionConfigurationPlatforms) = preSolution
		Debug|Any CPU = Debug|Any CPU
		Release|Any CPU = Release|Any CPU
	EndGlobalSection
	GlobalSection(ProjectConfigurationPlatforms) = postSolution
		{AEE2B2E6-3E43-430C-971A-2BE69E522236}.Debug|Any CPU.ActiveCfg = Debug|Any CPU
		{AEE2B2E6-3E43-430C-971A-2BE69E522236}.Debug|Any CPU.Build.0 = Debug|Any CPU
		{AEE2B2E6-3E43-430C-971A-2BE69E522236}.Release|Any CPU.ActiveCfg = Release|Any CPU
		{AEE2B2E6-3E43-430C-971A-2BE69E522236}.Release|Any CPU.Build.0 = Release|Any CPU
	EndGlobalSection
	GlobalSection(SolutionProperties) = preSolution
		HideSolutionNode = FALSE
	EndGlobalSection
	GlobalSection(ExtensibilityGlobals) = postSolution
		SolutionGuid = {7B1CB8C2-10F8-4419-8CE0-BD3ADF663F53}
	EndGlobalSection
EndGlobal
